
Microsoft Visual Studio Solution File, Format Version 12.00
# Visual Studio 14
VisualStudioVersion = 14.0.24720.0
MinimumVisualStudioVersion = 10.0.40219.1
Project("{2150E333-8FDC-42A3-9474-1A3956D46DE8}") = "src", "src", "{F9B338C9-BF4E-4905-AF63-16A79125EBDF}"
EndProject
Project("{2150E333-8FDC-42A3-9474-1A3956D46DE8}") = "Solution Items", "Solution Items", "{F6004765-E450-418A-939A-715DBFF03FD0}"
	ProjectSection(SolutionItems) = preProject
		global.json = global.json
	EndProjectSection
EndProject
Project("{8BB2217D-0F2D-49D1-97BC-3654ED321F3B}") = "AuthorizationManager.WebApp", "src\AuthorizationManager.WebApp\AuthorizationManager.WebApp.xproj", "{1D945AF6-7C98-4E11-8C0A-834765F26175}"
EndProject
Global
	GlobalSection(SolutionConfigurationPlatforms) = preSolution
		Debug|Any CPU = Debug|Any CPU
		Release|Any CPU = Release|Any CPU
	EndGlobalSection
	GlobalSection(ProjectConfigurationPlatforms) = postSolution
		{1D945AF6-7C98-4E11-8C0A-834765F26175}.Debug|Any CPU.ActiveCfg = Debug|Any CPU
		{1D945AF6-7C98-4E11-8C0A-834765F26175}.Debug|Any CPU.Build.0 = Debug|Any CPU
		{1D945AF6-7C98-4E11-8C0A-834765F26175}.Release|Any CPU.ActiveCfg = Release|Any CPU
		{1D945AF6-7C98-4E11-8C0A-834765F26175}.Release|Any CPU.Build.0 = Release|Any CPU
	EndGlobalSection
	GlobalSection(SolutionProperties) = preSolution
		HideSolutionNode = FALSE
	EndGlobalSection
	GlobalSection(NestedProjects) = preSolution
		{1D945AF6-7C98-4E11-8C0A-834765F26175} = {F9B338C9-BF4E-4905-AF63-16A79125EBDF}
	EndGlobalSection
EndGlobal
